
Microsoft Visual Studio Solution File, Format Version 12.00
# Visual Studio Version 16
VisualStudioVersion = 16.0.29926.136
MinimumVisualStudioVersion = 10.0.40219.1
Project("{9A19103F-16F7-4668-BE54-9A1E7A4F7556}") = "MicroShopping", "day4\MicroShopping.csproj", "{80F0C83B-7ACF-419E-90E4-6E265DF68594}"
EndProject
Global
	GlobalSection(SolutionConfigurationPlatforms) = preSolution
		Debug|Any CPU = Debug|Any CPU
		Release|Any CPU = Release|Any CPU
	EndGlobalSection
	GlobalSection(ProjectConfigurationPlatforms) = postSolution
		{80F0C83B-7ACF-419E-90E4-6E265DF68594}.Debug|Any CPU.ActiveCfg = Debug|Any CPU
		{80F0C83B-7ACF-419E-90E4-6E265DF68594}.Debug|Any CPU.Build.0 = Debug|Any CPU
		{80F0C83B-7ACF-419E-90E4-6E265DF68594}.Release|Any CPU.ActiveCfg = Release|Any CPU
		{80F0C83B-7ACF-419E-90E4-6E265DF68594}.Release|Any CPU.Build.0 = Release|Any CPU
	EndGlobalSection
	GlobalSection(SolutionProperties) = preSolution
		HideSolutionNode = FALSE
	EndGlobalSection
	GlobalSection(ExtensibilityGlobals) = postSolution
		SolutionGuid = {A438DC39-5CF8-43DC-A26C-F7BA3605C68B}
	EndGlobalSection
EndGlobal
